
Microsoft Visual Studio Solution File, Format Version 12.00
# Visual Studio Version 17
VisualStudioVersion = 17.5.33424.131
MinimumVisualStudioVersion = 10.0.40219.1
Project("{FAE04EC0-301F-11D3-BF4B-00C04F79EFBC}") = "ICETaskReece", "ICETaskReece\ICETaskReece.csproj", "{95E2D515-FC28-454E-8E16-DDE3BBF8CE20}"
EndProject
Global
	GlobalSection(SolutionConfigurationPlatforms) = preSolution
		Debug|Any CPU = Debug|Any CPU
		Release|Any CPU = Release|Any CPU
	EndGlobalSection
	GlobalSection(ProjectConfigurationPlatforms) = postSolution
		{95E2D515-FC28-454E-8E16-DDE3BBF8CE20}.Debug|Any CPU.ActiveCfg = Debug|Any CPU
		{95E2D515-FC28-454E-8E16-DDE3BBF8CE20}.Debug|Any CPU.Build.0 = Debug|Any CPU
		{95E2D515-FC28-454E-8E16-DDE3BBF8CE20}.Release|Any CPU.ActiveCfg = Release|Any CPU
		{95E2D515-FC28-454E-8E16-DDE3BBF8CE20}.Release|Any CPU.Build.0 = Release|Any CPU
	EndGlobalSection
	GlobalSection(SolutionProperties) = preSolution
		HideSolutionNode = FALSE
	EndGlobalSection
	GlobalSection(ExtensibilityGlobals) = postSolution
		SolutionGuid = {DB987B16-AAFB-44FE-94BB-8EC11BC7EA8B}
	EndGlobalSection
EndGlobal
